// !$*UTF8*$!
{
	archiveVersion = 1;
	classes = {
	};
	objectVersion = 46;
	objects = {

/* Begin PBXBuildFile section */
		8A8502A21E039BDC007C1249 /* AppDelegate.swift in Sources */ = {isa = PBXBuildFile; fileRef = 8A8502A11E039BDC007C1249 /* AppDelegate.swift */; };
		8A8502A41E039BDC007C1249 /* ViewController.swift in Sources */ = {isa = PBXBuildFile; fileRef = 8A8502A31E039BDC007C1249 /* ViewController.swift */; };
		8A8502A71E039BDC007C1249 /* Main.storyboard in Resources */ = {isa = PBXBuildFile; fileRef = 8A8502A51E039BDC007C1249 /* Main.storyboard */; };
		8A8502A91E039BDC007C1249 /* Assets.xcassets in Resources */ = {isa = PBXBuildFile; fileRef = 8A8502A81E039BDC007C1249 /* Assets.xcassets */; };
		8A8502AC1E039BDC007C1249 /* LaunchScreen.storyboard in Resources */ = {isa = PBXBuildFile; fileRef = 8A8502AA1E039BDC007C1249 /* LaunchScreen.storyboard */; };
		8A8502B71E039BDC007C1249 /* AnimateSnowDemoTests.swift in Sources */ = {isa = PBXBuildFile; fileRef = 8A8502B61E039BDC007C1249 /* AnimateSnowDemoTests.swift */; };
		8A8502C21E039BDC007C1249 /* AnimateSnowDemoUITests.swift in Sources */ = {isa = PBXBuildFile; fileRef = 8A8502C11E039BDC007C1249 /* AnimateSnowDemoUITests.swift */; };
/* End PBXBuildFile section */

/* Begin PBXContainerItemProxy section */
		8A8502B31E039BDC007C1249 /* PBXContainerItemProxy */ = {
			isa = PBXContainerItemProxy;
			containerPortal = 8A8502961E039BDC007C1249 /* Project object */;
			proxyType = 1;
			remoteGlobalIDString = 8A85029D1E039BDC007C1249;
			remoteInfo = AnimateSnowDemo;
		};
		8A8502BE1E039BDC007C1249 /* PBXContainerItemProxy */ = {
			isa = PBXContainerItemProxy;
			containerPortal = 8A8502961E039BDC007C1249 /* Project object */;
			proxyType = 1;
			remoteGlobalIDString = 8A85029D1E039BDC007C1249;
			remoteInfo = AnimateSnowDemo;
		};
/* End PBXContainerItemProxy section */

/* Begin PBXFileReference section */
		8A85029E1E039BDC007C1249 /* AnimateSnowDemo.app */ = {isa = PBXFileReference; explicitFileType = wrapper.application; includeInIndex = 0; path = AnimateSnowDemo.app; sourceTree = BUILT_PRODUCTS_DIR; };
		8A8502A11E039BDC007C1249 /* AppDelegate.swift */ = {isa = PBXFileReference; lastKnownFileType = sourcecode.swift; path = AppDelegate.swift; sourceTree = "<group>"; };
		8A8502A31E039BDC007C1249 /* ViewController.swift */ = {isa = PBXFileReference; lastKnownFileType = sourcecode.swift; path = ViewController.swift; sourceTree = "<group>"; };
		8A8502A61E039BDC007C1249 /* Base */ = {isa = PBXFileReference; lastKnownFileType = file.storyboard; name = Base; path = Base.lproj/Main.storyboard; sourceTree = "<group>"; };
		8A8502A81E039BDC007C1249 /* Assets.xcassets */ = {isa = PBXFileReference; lastKnownFileType = folder.assetcatalog; path = Assets.xcassets; sourceTree = "<group>"; };
		8A8502AB1E039BDC007C1249 /* Base */ = {isa = PBXFileReference; lastKnownFileType = file.storyboard; name = Base; path = Base.lproj/LaunchScreen.storyboard; sourceTree = "<group>"; };
		8A8502AD1E039BDC007C1249 /* Info.plist */ = {isa = PBXFileReference; lastKnownFileType = text.plist.xml; path = Info.plist; sourceTree = "<group>"; };
		8A8502B21E039BDC007C1249 /* AnimateSnowDemoTests.xctest */ = {isa = PBXFileReference; explicitFileType = wrapper.cfbundle; includeInIndex = 0; path = AnimateSnowDemoTests.xctest; sourceTree = BUILT_PRODUCTS_DIR; };
		8A8502B61E039BDC007C1249 /* AnimateSnowDemoTests.swift */ = {isa = PBXFileReference; lastKnownFileType = sourcecode.swift; path = AnimateSnowDemoTests.swift; sourceTree = "<group>"; };
		8A8502B81E039BDC007C1249 /* Info.plist */ = {isa = PBXFileReference; lastKnownFileType = text.plist.xml; path = Info.plist; sourceTree = "<group>"; };
		8A8502BD1E039BDC007C1249 /* AnimateSnowDemoUITests.xctest */ = {isa = PBXFileReference; explicitFileType = wrapper.cfbundle; includeInIndex = 0; path = AnimateSnowDemoUITests.xctest; sourceTree = BUILT_PRODUCTS_DIR; };
		8A8502C11E039BDC007C1249 /* AnimateSnowDemoUITests.swift */ = {isa = PBXFileReference; lastKnownFileType = sourcecode.swift; path = AnimateSnowDemoUITests.swift; sourceTree = "<group>"; };
		8A8502C31E039BDC007C1249 /* Info.plist */ = {isa = PBXFileReference; lastKnownFileType = text.plist.xml; path = Info.plist; sourceTree = "<group>"; };
/* End PBXFileReference section */

/* Begin PBXFrameworksBuildPhase section */
		8A85029B1E039BDC007C1249 /* Frameworks */ = {
			isa = PBXFrameworksBuildPhase;
			buildActionMask = 2147483647;
			files = (
			);
			runOnlyForDeploymentPostprocessing = 0;
		};
		8A8502AF1E039BDC007C1249 /* Frameworks */ = {
			isa = PBXFrameworksBuildPhase;
			buildActionMask = 2147483647;
			files = (
			);
			runOnlyForDeploymentPostprocessing = 0;
		};
		8A8502BA1E039BDC007C1249 /* Frameworks */ = {
			isa = PBXFrameworksBuildPhase;
			buildActionMask = 2147483647;
			files = (
			);
			runOnlyForDeploymentPostprocessing = 0;
		};
/* End PBXFrameworksBuildPhase section */

/* Begin PBXGroup section */
		8A8502951E039BDC007C1249 = {
			isa = PBXGroup;
			children = (
				8A8502A01E039BDC007C1249 /* AnimateSnowDemo */,
				8A8502B51E039BDC007C1249 /* AnimateSnowDemoTests */,
				8A8502C01E039BDC007C1249 /* AnimateSnowDemoUITests */,
				8A85029F1E039BDC007C1249 /* Products */,
			);
			sourceTree = "<group>";
		};
		8A85029F1E039BDC007C1249 /* Products */ = {
			isa = PBXGroup;
			children = (
				8A85029E1E039BDC007C1249 /* AnimateSnowDemo.app */,
				8A8502B21E039BDC007C1249 /* AnimateSnowDemoTests.xctest */,
				8A8502BD1E039BDC007C1249 /* AnimateSnowDemoUITests.xctest */,
			);
			name = Products;
			sourceTree = "<group>";
		};
		8A8502A01E039BDC007C1249 /* AnimateSnowDemo */ = {
			isa = PBXGroup;
			children = (
				8A8502A11E039BDC007C1249 /* AppDelegate.swift */,
				8A8502A31E039BDC007C1249 /* ViewController.swift */,
				8A8502A51E039BDC007C1249 /* Main.storyboard */,
				8A8502A81E039BDC007C1249 /* Assets.xcassets */,
				8A8502AA1E039BDC007C1249 /* LaunchScreen.storyboard */,
				8A8502AD1E039BDC007C1249 /* Info.plist */,
			);
			path = AnimateSnowDemo;
			sourceTree = "<group>";
		};
		8A8502B51E039BDC007C1249 /* AnimateSnowDemoTests */ = {
			isa = PBXGroup;
			children = (
				8A8502B61E039BDC007C1249 /* AnimateSnowDemoTests.swift */,
				8A8502B81E039BDC007C1249 /* Info.plist */,
			);
			path = AnimateSnowDemoTests;
			sourceTree = "<group>";
		};
		8A8502C01E039BDC007C1249 /* AnimateSnowDemoUITests */ = {
			isa = PBXGroup;
			children = (
				8A8502C11E039BDC007C1249 /* AnimateSnowDemoUITests.swift */,
				8A8502C31E039BDC007C1249 /* Info.plist */,
			);
			path = AnimateSnowDemoUITests;
			sourceTree = "<group>";
		};
/* End PBXGroup section */

/* Begin PBXNativeTarget section */
		8A85029D1E039BDC007C1249 /* AnimateSnowDemo */ = {
			isa = PBXNativeTarget;
			buildConfigurationList = 8A8502C61E039BDC007C1249 /* Build configuration list for PBXNativeTarget "AnimateSnowDemo" */;
			buildPhases = (
				8A85029A1E039BDC007C1249 /* Sources */,
				8A85029B1E039BDC007C1249 /* Frameworks */,
				8A85029C1E039BDC007C1249 /* Resources */,
			);
			buildRules = (
			);
			dependencies = (
			);
			name = AnimateSnowDemo;
			productName = AnimateSnowDemo;
			productReference = 8A85029E1E039BDC007C1249 /* AnimateSnowDemo.app */;
			productType = "com.apple.product-type.application";
		};
		8A8502B11E039BDC007C1249 /* AnimateSnowDemoTests */ = {
			isa = PBXNativeTarget;
			buildConfigurationList = 8A8502C91E039BDC007C1249 /* Build configuration list for PBXNativeTarget "AnimateSnowDemoTests" */;
			buildPhases = (
				8A8502AE1E039BDC007C1249 /* Sources */,
				8A8502AF1E039BDC007C1249 /* Frameworks */,
				8A8502B01E039BDC007C1249 /* Resources */,
			);
			buildRules = (
			);
			dependencies = (
				8A8502B41E039BDC007C1249 /* PBXTargetDependency */,
			);
			name = AnimateSnowDemoTests;
			productName = AnimateSnowDemoTests;
			productReference = 8A8502B21E039BDC007C1249 /* AnimateSnowDemoTests.xctest */;
			productType = "com.apple.product-type.bundle.unit-test";
		};
		8A8502BC1E039BDC007C1249 /* AnimateSnowDemoUITests */ = {
			isa = PBXNativeTarget;
			buildConfigurationList = 8A8502CC1E039BDC007C1249 /* Build configuration list for PBXNativeTarget "AnimateSnowDemoUITests" */;
			buildPhases = (
				8A8502B91E039BDC007C1249 /* Sources */,
				8A8502BA1E039BDC007C1249 /* Frameworks */,
				8A8502BB1E039BDC007C1249 /* Resources */,
			);
			buildRules = (
			);
			dependencies = (
				8A8502BF1E039BDC007C1249 /* PBXTargetDependency */,
			);
			name = AnimateSnowDemoUITests;
			productName = AnimateSnowDemoUITests;
			productReference = 8A8502BD1E039BDC007C1249 /* AnimateSnowDemoUITests.xctest */;
			productType = "com.apple.product-type.bundle.ui-testing";
		};
/* End PBXNativeTarget section */

/* Begin PBXProject section */
		8A8502961E039BDC007C1249 /* Project object */ = {
			isa = PBXProject;
			attributes = {
				LastSwiftUpdateCheck = 0730;
				LastUpgradeCheck = 0730;
				ORGANIZATIONNAME = doriswu;
				TargetAttributes = {
					8A85029D1E039BDC007C1249 = {
						CreatedOnToolsVersion = 7.3.1;
					};
					8A8502B11E039BDC007C1249 = {
						CreatedOnToolsVersion = 7.3.1;
						TestTargetID = 8A85029D1E039BDC007C1249;
					};
					8A8502BC1E039BDC007C1249 = {
						CreatedOnToolsVersion = 7.3.1;
						TestTargetID = 8A85029D1E039BDC007C1249;
					};
				};
			};
			buildConfigurationList = 8A8502991E039BDC007C1249 /* Build configuration list for PBXProject "AnimateSnowDemo" */;
			compatibilityVersion = "Xcode 3.2";
			developmentRegion = English;
			hasScannedForEncodings = 0;
			knownRegions = (
				en,
				Base,
			);
			mainGroup = 8A8502951E039BDC007C1249;
			productRefGroup = 8A85029F1E039BDC007C1249 /* Products */;
			projectDirPath = "";
			projectRoot = "";
			targets = (
				8A85029D1E039BDC007C1249 /* AnimateSnowDemo */,
				8A8502B11E039BDC007C1249 /* AnimateSnowDemoTests */,
				8A8502BC1E039BDC007C1249 /* AnimateSnowDemoUITests */,
			);
		};
/* End PBXProject section */

/* Begin PBXResourcesBuildPhase section */
		8A85029C1E039BDC007C1249 /* Resources */ = {
			isa = PBXResourcesBuildPhase;
			buildActionMask = 2147483647;
			files = (
				8A8502AC1E039BDC007C1249 /* LaunchScreen.storyboard in Resources */,
				8A8502A91E039BDC007C1249 /* Assets.xcassets in Resources */,
				8A8502A71E039BDC007C1249 /* Main.storyboard in Resources */,
			);
			runOnlyForDeploymentPostprocessing = 0;
		};
		8A8502B01E039BDC007C1249 /* Resources */ = {
			isa = PBXResourcesBuildPhase;
			buildActionMask = 2147483647;
			files = (
			);
			runOnlyForDeploymentPostprocessing = 0;
		};
		8A8502BB1E039BDC007C1249 /* Resources */ = {
			isa = PBXResourcesBuildPhase;
			buildActionMask = 2147483647;
			files = (
			);
			runOnlyForDeploymentPostprocessing = 0;
		};
/* End PBXResourcesBuildPhase section */

/* Begin PBXSourcesBuildPhase section */
		8A85029A1E039BDC007C1249 /* Sources */ = {
			isa = PBXSourcesBuildPhase;
			buildActionMask = 2147483647;
			files = (
				8A8502A41E039BDC007C1249 /* ViewController.swift in Sources */,
				8A8502A21E039BDC007C1249 /* AppDelegate.swift in Sources */,
			);
			runOnlyForDeploymentPostprocessing = 0;
		};
		8A8502AE1E039BDC007C1249 /* Sources */ = {
			isa = PBXSourcesBuildPhase;
			buildActionMask = 2147483647;
			files = (
				8A8502B71E039BDC007C1249 /* AnimateSnowDemoTests.swift in Sources */,
			);
			runOnlyForDeploymentPostprocessing = 0;
		};
		8A8502B91E039BDC007C1249 /* Sources */ = {
			isa = PBXSourcesBuildPhase;
			buildActionMask = 2147483647;
			files = (
				8A8502C21E039BDC007C1249 /* AnimateSnowDemoUITests.swift in Sources */,
			);
			runOnlyForDeploymentPostprocessing = 0;
		};
/* End PBXSourcesBuildPhase section */

/* Begin PBXTargetDependency section */
		8A8502B41E039BDC007C1249 /* PBXTargetDependency */ = {
			isa = PBXTargetDependency;
			target = 8A85029D1E039BDC007C1249 /* AnimateSnowDemo */;
			targetProxy = 8A8502B31E039BDC007C1249 /* PBXContainerItemProxy */;
		};
		8A8502BF1E039BDC007C1249 /* PBXTargetDependency */ = {
			isa = PBXTargetDependency;
			target = 8A85029D1E039BDC007C1249 /* AnimateSnowDemo */;
			targetProxy = 8A8502BE1E039BDC007C1249 /* PBXContainerItemProxy */;
		};
/* End PBXTargetDependency section */

/* Begin PBXVariantGroup section */
		8A8502A51E039BDC007C1249 /* Main.storyboard */ = {
			isa = PBXVariantGroup;
			children = (
				8A8502A61E039BDC007C1249 /* Base */,
			);
			name = Main.storyboard;
			sourceTree = "<group>";
		};
		8A8502AA1E039BDC007C1249 /* LaunchScreen.storyboard */ = {
			isa = PBXVariantGroup;
			children = (
				8A8502AB1E039BDC007C1249 /* Base */,
			);
			name = LaunchScreen.storyboard;
			sourceTree = "<group>";
		};
/* End PBXVariantGroup section */

/* Begin XCBuildConfiguration section */
		8A8502C41E039BDC007C1249 /* Debug */ = {
			isa = XCBuildConfiguration;
			buildSettings = {
				ALWAYS_SEARCH_USER_PATHS = NO;
				CLANG_ANALYZER_NONNULL = YES;
				CLANG_CXX_LANGUAGE_STANDARD = "gnu++0x";
				CLANG_CXX_LIBRARY = "libc++";
				CLANG_ENABLE_MODULES = YES;
				CLANG_ENABLE_OBJC_ARC = YES;
				CLANG_WARN_BOOL_CONVERSION = YES;
				CLANG_WARN_CONSTANT_CONVERSION = YES;
				CLANG_WARN_DIRECT_OBJC_ISA_USAGE = YES_ERROR;
				CLANG_WARN_EMPTY_BODY = YES;
				CLANG_WARN_ENUM_CONVERSION = YES;
				CLANG_WARN_INT_CONVERSION = YES;
				CLANG_WARN_OBJC_ROOT_CLASS = YES_ERROR;
				CLANG_WARN_UNREACHABLE_CODE = YES;
				CLANG_WARN__DUPLICATE_METHOD_MATCH = YES;
				"CODE_SIGN_IDENTITY[sdk=iphoneos*]" = "iPhone Developer";
				COPY_PHASE_STRIP = NO;
				DEBUG_INFORMATION_FORMAT = dwarf;
				ENABLE_STRICT_OBJC_MSGSEND = YES;
				ENABLE_TESTABILITY = YES;
				GCC_C_LANGUAGE_STANDARD = gnu99;
				GCC_DYNAMIC_NO_PIC = NO;
				GCC_NO_COMMON_BLOCKS = YES;
				GCC_OPTIMIZATION_LEVEL = 0;
				GCC_PREPROCESSOR_DEFINITIONS = (
					"DEBUG=1",
					"$(inherited)",
				);
				GCC_WARN_64_TO_32_BIT_CONVERSION = YES;
				GCC_WARN_ABOUT_RETURN_TYPE = YES_ERROR;
				GCC_WARN_UNDECLARED_SELECTOR = YES;
				GCC_WARN_UNINITIALIZED_AUTOS = YES_AGGRESSIVE;
				GCC_WARN_UNUSED_FUNCTION = YES;
				GCC_WARN_UNUSED_VARIABLE = YES;
				IPHONEOS_DEPLOYMENT_TARGET = 9.3;
				MTL_ENABLE_DEBUG_INFO = YES;
				ONLY_ACTIVE_ARCH = YES;
				SDKROOT = iphoneos;
				SWIFT_OPTIMIZATION_LEVEL = "-Onone";
			};
			name = Debug;
		};
		8A8502C51E039BDC007C1249 /* Release */ = {
			isa = XCBuildConfiguration;
			buildSettings = {
				ALWAYS_SEARCH_USER_PATHS = NO;
				CLANG_ANALYZER_NONNULL = YES;
				CLANG_CXX_LANGUAGE_STANDARD = "gnu++0x";
				CLANG_CXX_LIBRARY = "libc++";
				CLANG_ENABLE_MODULES = YES;
				CLANG_ENABLE_OBJC_ARC = YES;
				CLANG_WARN_BOOL_CONVERSION = YES;
				CLANG_WARN_CONSTANT_CONVERSION = YES;
				CLANG_WARN_DIRECT_OBJC_ISA_USAGE = YES_ERROR;
				CLANG_WARN_EMPTY_BODY = YES;
				CLANG_WARN_ENUM_CONVERSION = YES;
				CLANG_WARN_INT_CONVERSION = YES;
				CLANG_WARN_OBJC_ROOT_CLASS = YES_ERROR;
				CLANG_WARN_UNREACHABLE_CODE = YES;
				CLANG_WARN__DUPLICATE_METHOD_MATCH = YES;
				"CODE_SIGN_IDENTITY[sdk=iphoneos*]" = "iPhone Developer";
				COPY_PHASE_STRIP = NO;
				DEBUG_INFORMATION_FORMAT = "dwarf-with-dsym";
				ENABLE_NS_ASSERTIONS = NO;
				ENABLE_STRICT_OBJC_MSGSEND = YES;
				GCC_C_LANGUAGE_STANDARD = gnu99;
				GCC_NO_COMMON_BLOCKS = YES;
				GCC_WARN_64_TO_32_BIT_CONVERSION = YES;
				GCC_WARN_ABOUT_RETURN_TYPE = YES_ERROR;
				GCC_WARN_UNDECLARED_SELECTOR = YES;
				GCC_WARN_UNINITIALIZED_AUTOS = YES_AGGRESSIVE;
				GCC_WARN_UNUSED_FUNCTION = YES;
				GCC_WARN_UNUSED_VARIABLE = YES;
				IPHONEOS_DEPLOYMENT_TARGET = 9.3;
				MTL_ENABLE_DEBUG_INFO = NO;
				SDKROOT = iphoneos;
				VALIDATE_PRODUCT = YES;
			};
			name = Release;
		};
		8A8502C71E039BDC007C1249 /* Debug */ = {
			isa = XCBuildConfiguration;
			buildSettings = {
				ASSETCATALOG_COMPILER_APPICON_NAME = AppIcon;
				INFOPLIST_FILE = AnimateSnowDemo/Info.plist;
				LD_RUNPATH_SEARCH_PATHS = "$(inherited) @executable_path/Frameworks";
				PRODUCT_BUNDLE_IDENTIFIER = doriswu.AnimateSnowDemo;
				PRODUCT_NAME = "$(TARGET_NAME)";
			};
			name = Debug;
		};
		8A8502C81E039BDC007C1249 /* Release */ = {
			isa = XCBuildConfiguration;
			buildSettings = {
				ASSETCATALOG_COMPILER_APPICON_NAME = AppIcon;
				INFOPLIST_FILE = AnimateSnowDemo/Info.plist;
				LD_RUNPATH_SEARCH_PATHS = "$(inherited) @executable_path/Frameworks";
				PRODUCT_BUNDLE_IDENTIFIER = doriswu.AnimateSnowDemo;
				PRODUCT_NAME = "$(TARGET_NAME)";
			};
			name = Release;
		};
		8A8502CA1E039BDC007C1249 /* Debug */ = {
			isa = XCBuildConfiguration;
			buildSettings = {
				BUNDLE_LOADER = "$(TEST_HOST)";
				INFOPLIST_FILE = AnimateSnowDemoTests/Info.plist;
				LD_RUNPATH_SEARCH_PATHS = "$(inherited) @executable_path/Frameworks @loader_path/Frameworks";
				PRODUCT_BUNDLE_IDENTIFIER = doriswu.AnimateSnowDemoTests;
				PRODUCT_NAME = "$(TARGET_NAME)";
				TEST_HOST = "$(BUILT_PRODUCTS_DIR)/AnimateSnowDemo.app/AnimateSnowDemo";
			};
			name = Debug;
		};
		8A8502CB1E039BDC007C1249 /* Release */ = {
			isa = XCBuildConfiguration;
			buildSettings = {
				BUNDLE_LOADER = "$(TEST_HOST)";
				INFOPLIST_FILE = AnimateSnowDemoTests/Info.plist;
				LD_RUNPATH_SEARCH_PATHS = "$(inherited) @executable_path/Frameworks @loader_path/Frameworks";
				PRODUCT_BUNDLE_IDENTIFIER = doriswu.AnimateSnowDemoTests;
				PRODUCT_NAME = "$(TARGET_NAME)";
				TEST_HOST = "$(BUILT_PRODUCTS_DIR)/AnimateSnowDemo.app/AnimateSnowDemo";
			};
			name = Release;
		};
		8A8502CD1E039BDC007C1249 /* Debug */ = {
			isa = XCBuildConfiguration;
			buildSettings = {
				INFOPLIST_FILE = AnimateSnowDemoUITests/Info.plist;
				LD_RUNPATH_SEARCH_PATHS = "$(inherited) @executable_path/Frameworks @loader_path/Frameworks";
				PRODUCT_BUNDLE_IDENTIFIER = doriswu.AnimateSnowDemoUITests;
				PRODUCT_NAME = "$(TARGET_NAME)";
				TEST_TARGET_NAME = AnimateSnowDemo;
			};
			name = Debug;
		};
		8A8502CE1E039BDC007C1249 /* Release */ = {
			isa = XCBuildConfiguration;
			buildSettings = {
				INFOPLIST_FILE = AnimateSnowDemoUITests/Info.plist;
				LD_RUNPATH_SEARCH_PATHS = "$(inherited) @executable_path/Frameworks @loader_path/Frameworks";
				PRODUCT_BUNDLE_IDENTIFIER = doriswu.AnimateSnowDemoUITests;
				PRODUCT_NAME = "$(TARGET_NAME)";
				TEST_TARGET_NAME = AnimateSnowDemo;
			};
			name = Release;
		};
/* End XCBuildConfiguration section */

/* Begin XCConfigurationList section */
		8A8502991E039BDC007C1249 /* Build configuration list for PBXProject "AnimateSnowDemo" */ = {
			isa = XCConfigurationList;
			buildConfigurations = (
				8A8502C41E039BDC007C1249 /* Debug */,
				8A8502C51E039BDC007C1249 /* Release */,
			);
			defaultConfigurationIsVisible = 0;
			defaultConfigurationName = Release;
		};
		8A8502C61E039BDC007C1249 /* Build configuration list for PBXNativeTarget "AnimateSnowDemo" */ = {
			isa = XCConfigurationList;
			buildConfigurations = (
				8A8502C71E039BDC007C1249 /* Debug */,
				8A8502C81E039BDC007C1249 /* Release */,
			);
			defaultConfigurationIsVisible = 0;
		};
		8A8502C91E039BDC007C1249 /* Build configuration list for PBXNativeTarget "AnimateSnowDemoTests" */ = {
			isa = XCConfigurationList;
			buildConfigurations = (
				8A8502CA1E039BDC007C1249 /* Debug */,
				8A8502CB1E039BDC007C1249 /* Release */,
			);
			defaultConfigurationIsVisible = 0;
		};
		8A8502CC1E039BDC007C1249 /* Build configuration list for PBXNativeTarget "AnimateSnowDemoUITests" */ = {
			isa = XCConfigurationList;
			buildConfigurations = (
				8A8502CD1E039BDC007C1249 /* Debug */,
				8A8502CE1E039BDC007C1249 /* Release */,
			);
			defaultConfigurationIsVisible = 0;
		};
/* End XCConfigurationList section */
	};
	rootObject = 8A8502961E039BDC007C1249 /* Project object */;
}
